{
  "name": "@wry/tuple",
  "version": "0.2.0",
  "lockfileVersion": 1,
  "requires": true,
  "dependencies": {
    "@wry/trie": {
      "version": "0.2.1",
      "resolved": "https://registry.npmjs.org/@wry/trie/-/trie-0.2.1.tgz",
      "integrity": "sha512-sYkuXZqArky2MLQCv4tLW6hX3N8AfTZ5ZMBc8jC6Yy35WYr82UYLLtjS7k/uRGHOA0yTSjuNadG6QQ6a5CS5hQ==",
      "requires": {
        "tslib": "^1.14.1"
      },
      "dependencies": {
        "tslib": {
          "version": "1.14.1",
          "resolved": "https://registry.npmjs.org/tslib/-/tslib-1.14.1.tgz",
          "integrity": "sha512-Xni35NKzjgMrwevysHTCArtLDpPvye8zV/0E4EyYn43P7/7qvQwPh9BGkHewbMulVntbigmcT7rdX3BNo9wRJg=="
        }
      }
    },
    "tslib": {
      "version": "2.0.3",
      "resolved": "https://registry.npmjs.org/tslib/-/tslib-2.0.3.tgz",
      "integrity": "sha512-uZtkfKblCEQtZKBF6EBXVZeQNl82yqtDQdv+eck8u7tdPxjLu2/lp5/uPW+um2tpuxINHWy3GhiccY7QgEaVHQ=="
    }
  }
}
