{
  "name": "@wry/equality",
  "version": "0.5.6",
  "lockfileVersion": 2,
  "requires": true,
  "packages": {
    "": {
      "name": "@wry/equality",
      "version": "0.5.6",
      "license": "MIT",
      "dependencies": {
        "tslib": "^2.3.0"
      },
      "engines": {
        "node": ">=8"
      }
    },
    "node_modules/tslib": {
      "version": "2.5.1",
      "resolved": "https://registry.npmjs.org/tslib/-/tslib-2.5.1.tgz",
      "integrity": "sha512-KaI6gPil5m9vF7DKaoXxx1ia9fxS4qG5YveErRRVknPDXXriu5M8h48YRjB6h5ZUOKuAKlSJYb0GaDe8I39fRw=="
    }
  },
  "dependencies": {
    "tslib": {
      "version": "2.5.1",
      "resolved": "https://registry.npmjs.org/tslib/-/tslib-2.5.1.tgz",
      "integrity": "sha512-KaI6gPil5m9vF7DKaoXxx1ia9fxS4qG5YveErRRVknPDXXriu5M8h48YRjB6h5ZUOKuAKlSJYb0GaDe8I39fRw=="
    }
  }
}
