{
  "name": "@wry/record",
  "version": "0.1.6",
  "lockfileVersion": 1,
  "requires": true,
  "dependencies": {
    "@wry/trie": {
      "version": "0.2.1",
      "resolved": "https://registry.npmjs.org/@wry/trie/-/trie-0.2.1.tgz",
      "integrity": "sha512-sYkuXZqArky2MLQCv4tLW6hX3N8AfTZ5ZMBc8jC6Yy35WYr82UYLLtjS7k/uRGHOA0yTSjuNadG6QQ6a5CS5hQ==",
      "requires": {
        "tslib": "^1.14.1"
      }
    },
    "@wry/tuple": {
      "version": "0.2.0",
      "resolved": "https://registry.npmjs.org/@wry/tuple/-/tuple-0.2.0.tgz",
      "integrity": "sha512-F31sBfXRWsukAQOQ1JkhwikxRN9nYE+Vy+O09KJEj7fypoB2bHwYEo9/wis7Dc3LAM6zUiGM1vaampUbQQSang==",
      "requires": {
        "@wry/trie": "^0.2.1",
        "tslib": "^1.14.1"
      }
    },
    "tslib": {
      "version": "1.14.1",
      "resolved": "https://registry.npmjs.org/tslib/-/tslib-1.14.1.tgz",
      "integrity": "sha512-Xni35NKzjgMrwevysHTCArtLDpPvye8zV/0E4EyYn43P7/7qvQwPh9BGkHewbMulVntbigmcT7rdX3BNo9wRJg=="
    }
  }
}
