{
  "name": "@wry/record",
  "version": "0.1.4",
  "lockfileVersion": 1,
  "requires": true,
  "dependencies": {
    "@wry/tuple": {
      "version": "0.1.3",
      "resolved": "https://registry.npmjs.org/@wry/tuple/-/tuple-0.1.3.tgz",
      "integrity": "sha512-Kt7j3tPG9LZCw2RNW3/mmBAs8eQjT79fI3x7QG0JNcPZoME3XbL/ijxgKVsEziUtKMY2MUdNR4zF5Iy83Sb6oQ==",
      "requires": {
        "tslib": "^1.11.1"
      },
      "dependencies": {
        "tslib": {
          "version": "1.13.0",
          "resolved": "https://registry.npmjs.org/tslib/-/tslib-1.13.0.tgz",
          "integrity": "sha512-i/6DQjL8Xf3be4K/E6Wgpekn5Qasl1usyw++dAA35Ue5orEn65VIxOA+YvNNl9HV3qv70T7CNwjODHZrLwvd1Q=="
        }
      }
    },
    "tslib": {
      "version": "2.0.1",
      "resolved": "https://registry.npmjs.org/tslib/-/tslib-2.0.1.tgz",
      "integrity": "sha512-SgIkNheinmEBgx1IUNirK0TUD4X9yjjBRTqqjggWCU3pUEqIk3/Uwl3yRixYKT6WjQuGiwDv4NomL3wqRCj+CQ=="
    }
  }
}
