{
  "name": "@wry/task",
  "version": "0.2.5",
  "lockfileVersion": 1,
  "requires": true,
  "dependencies": {
    "@wry/context": {
      "version": "file:../context",
      "requires": {
        "tslib": "^1.9.3"
      },
      "dependencies": {
        "@types/node": {
          "version": "6.14.6",
          "resolved": "https://registry.npmjs.org/@types/node/-/node-6.14.6.tgz",
          "integrity": "sha512-rFs9zCFtSHuseiNXxYxFlun8ibu+jtZPgRM+2ILCmeLiGeGLiIGxuOzD+cNyHegI1GD+da3R/cIbs9+xCLp13w=="
        },
        "tslib": {
          "version": "1.9.3",
          "resolved": "https://registry.npmjs.org/tslib/-/tslib-1.9.3.tgz",
          "integrity": "sha512-4krF8scpejhaOgqzBEcGM7yDIEfi0/8+8zDRZhNZZ2kjmHJ4hv3zCbQWxoJGz1iw5U0Jl0nma13xzHXcncMavQ=="
        }
      }
    },
    "tslib": {
      "version": "2.0.1",
      "resolved": "https://registry.npmjs.org/tslib/-/tslib-2.0.1.tgz",
      "integrity": "sha512-SgIkNheinmEBgx1IUNirK0TUD4X9yjjBRTqqjggWCU3pUEqIk3/Uwl3yRixYKT6WjQuGiwDv4NomL3wqRCj+CQ=="
    }
  }
}
