{
  "name": "@wry/task",
  "version": "0.3.0",
  "lockfileVersion": 1,
  "requires": true,
  "dependencies": {
    "@wry/context": {
      "version": "file:../context",
      "requires": {
        "tslib": "^2.1.0"
      },
      "dependencies": {
        "@types/node": {
          "version": "6.14.6",
          "resolved": "https://registry.npmjs.org/@types/node/-/node-6.14.6.tgz",
          "integrity": "sha512-rFs9zCFtSHuseiNXxYxFlun8ibu+jtZPgRM+2ILCmeLiGeGLiIGxuOzD+cNyHegI1GD+da3R/cIbs9+xCLp13w=="
        },
        "tslib": {
          "version": "2.1.0",
          "resolved": "https://registry.npmjs.org/tslib/-/tslib-2.1.0.tgz",
          "integrity": "sha512-hcVC3wYEziELGGmEEXue7D75zbwIIVUMWAVbHItGPx0ziyXxrOMQx4rQEVEV45Ut/1IotuEvwqPopzIOkDMf0A=="
        }
      }
    },
    "tslib": {
      "version": "2.2.0",
      "resolved": "https://registry.npmjs.org/tslib/-/tslib-2.2.0.tgz",
      "integrity": "sha512-gS9GVHRU+RGn5KQM2rllAlR3dU6m7AcpJKdtH8gFvQiC4Otgk98XnmMU+nZenHt/+VhnBPWwgrJsyrdcw6i23w=="
    }
  }
}
